
Microsoft Visual Studio Solution File, Format Version 12.00
# Visual Studio Version 16
VisualStudioVersion = 16.0.31515.178
MinimumVisualStudioVersion = 10.0.40219.1
Project("{2150E333-8FDC-42A3-9474-1A3956D46DE8}") = "src", "src", "{42EEDED2-1001-4383-B5D3-1B511353E1A7}"
EndProject
Project("{2150E333-8FDC-42A3-9474-1A3956D46DE8}") = "Building Blocks", "Building Blocks", "{CC4DB93D-82C9-437F-B68E-4F89779C41E5}"
EndProject
Project("{2150E333-8FDC-42A3-9474-1A3956D46DE8}") = "Web", "Web", "{AEDD3EEE-AF85-4C4F-888F-8AF50931A860}"
EndProject
Project("{2150E333-8FDC-42A3-9474-1A3956D46DE8}") = "Services", "Services", "{AD20A4D1-283F-4C13-8029-1F312096E8B1}"
EndProject
Project("{2150E333-8FDC-42A3-9474-1A3956D46DE8}") = "Identidade", "Identidade", "{38185EB6-8F82-4CAF-BE02-50CA4BC69C11}"
EndProject
Project("{FAE04EC0-301F-11D3-BF4B-00C04F79EFBC}") = "NSE.Identidade.API", "src\services\NSE.Identidade.API\NSE.Identidade.API.csproj", "{BECFE4F5-54CD-4E92-9268-7642E03A3D00}"
EndProject
Project("{2150E333-8FDC-42A3-9474-1A3956D46DE8}") = "MVC", "MVC", "{7B9E235A-C894-4226-ADD6-827AB6302385}"
EndProject
Project("{FAE04EC0-301F-11D3-BF4B-00C04F79EFBC}") = "NSE.WebApp.MVC", "src\web\NSE.WebApp.MVC\NSE.WebApp.MVC.csproj", "{10417571-6B05-46FE-A41C-6712A97A1D71}"
EndProject
Project("{2150E333-8FDC-42A3-9474-1A3956D46DE8}") = "Core", "Core", "{7F4263CD-417D-4AD1-B556-2313A38A2FF4}"
EndProject
Project("{FAE04EC0-301F-11D3-BF4B-00C04F79EFBC}") = "NSE.Core", "src\building blocks\NSE.Core\NSE.Core.csproj", "{B38A96D4-55F0-46ED-83A1-8205ABD08396}"
EndProject
Project("{2150E333-8FDC-42A3-9474-1A3956D46DE8}") = "Carrinho", "Carrinho", "{926090AF-F91D-4A52-903D-4858867C6951}"
EndProject
Project("{FAE04EC0-301F-11D3-BF4B-00C04F79EFBC}") = "NSE.Carrinho.API", "src\services\NSE.Carrinho.API\NSE.Carrinho.API.csproj", "{C909E410-4E62-4CF5-BF48-4CEF2371A3BB}"
EndProject
Project("{2150E333-8FDC-42A3-9474-1A3956D46DE8}") = "Catalogo", "Catalogo", "{3C0FC988-B879-47A4-A75C-B35622F16175}"
EndProject
Project("{FAE04EC0-301F-11D3-BF4B-00C04F79EFBC}") = "NSE.Catalogo.API", "src\services\NSE.Catalogo.API\NSE.Catalogo.API.csproj", "{AB7282CF-251F-4B16-ADB7-836642D8FB62}"
EndProject
Project("{2150E333-8FDC-42A3-9474-1A3956D46DE8}") = "CLiente", "CLiente", "{2B3547D8-BB47-4086-810E-8A49D0E4A8FA}"
EndProject
Project("{FAE04EC0-301F-11D3-BF4B-00C04F79EFBC}") = "NSE.Cliente.API", "src\services\NSE.Cliente.API\NSE.Cliente.API.csproj", "{3D914F52-6E79-4080-8BE1-3F6FD29D707D}"
EndProject
Project("{2150E333-8FDC-42A3-9474-1A3956D46DE8}") = "Pagamento", "Pagamento", "{CB4FC4A2-DF37-4214-954D-B7F23BCB6681}"
EndProject
Project("{2150E333-8FDC-42A3-9474-1A3956D46DE8}") = "Pedido", "Pedido", "{837D4227-3C67-4A7D-AB3C-3B4398CEF51A}"
EndProject
Project("{FAE04EC0-301F-11D3-BF4B-00C04F79EFBC}") = "NSE.Pagamento.API", "src\services\NSE.Pagamento.API\NSE.Pagamento.API.csproj", "{5E32BADD-C4D6-4A29-A15A-FA9214FC6375}"
EndProject
Project("{FAE04EC0-301F-11D3-BF4B-00C04F79EFBC}") = "NSE.Pedido.API", "src\services\NSE.Pedido.API\NSE.Pedido.API.csproj", "{106F5CB8-C3E2-4264-A77F-456F17A06282}"
EndProject
Global
	GlobalSection(SolutionConfigurationPlatforms) = preSolution
		Debug|Any CPU = Debug|Any CPU
		Release|Any CPU = Release|Any CPU
	EndGlobalSection
	GlobalSection(ProjectConfigurationPlatforms) = postSolution
		{BECFE4F5-54CD-4E92-9268-7642E03A3D00}.Debug|Any CPU.ActiveCfg = Debug|Any CPU
		{BECFE4F5-54CD-4E92-9268-7642E03A3D00}.Debug|Any CPU.Build.0 = Debug|Any CPU
		{BECFE4F5-54CD-4E92-9268-7642E03A3D00}.Release|Any CPU.ActiveCfg = Release|Any CPU
		{BECFE4F5-54CD-4E92-9268-7642E03A3D00}.Release|Any CPU.Build.0 = Release|Any CPU
		{10417571-6B05-46FE-A41C-6712A97A1D71}.Debug|Any CPU.ActiveCfg = Debug|Any CPU
		{10417571-6B05-46FE-A41C-6712A97A1D71}.Debug|Any CPU.Build.0 = Debug|Any CPU
		{10417571-6B05-46FE-A41C-6712A97A1D71}.Release|Any CPU.ActiveCfg = Release|Any CPU
		{10417571-6B05-46FE-A41C-6712A97A1D71}.Release|Any CPU.Build.0 = Release|Any CPU
		{B38A96D4-55F0-46ED-83A1-8205ABD08396}.Debug|Any CPU.ActiveCfg = Debug|Any CPU
		{B38A96D4-55F0-46ED-83A1-8205ABD08396}.Debug|Any CPU.Build.0 = Debug|Any CPU
		{B38A96D4-55F0-46ED-83A1-8205ABD08396}.Release|Any CPU.ActiveCfg = Release|Any CPU
		{B38A96D4-55F0-46ED-83A1-8205ABD08396}.Release|Any CPU.Build.0 = Release|Any CPU
		{C909E410-4E62-4CF5-BF48-4CEF2371A3BB}.Debug|Any CPU.ActiveCfg = Debug|Any CPU
		{C909E410-4E62-4CF5-BF48-4CEF2371A3BB}.Debug|Any CPU.Build.0 = Debug|Any CPU
		{C909E410-4E62-4CF5-BF48-4CEF2371A3BB}.Release|Any CPU.ActiveCfg = Release|Any CPU
		{C909E410-4E62-4CF5-BF48-4CEF2371A3BB}.Release|Any CPU.Build.0 = Release|Any CPU
		{AB7282CF-251F-4B16-ADB7-836642D8FB62}.Debug|Any CPU.ActiveCfg = Debug|Any CPU
		{AB7282CF-251F-4B16-ADB7-836642D8FB62}.Debug|Any CPU.Build.0 = Debug|Any CPU
		{AB7282CF-251F-4B16-ADB7-836642D8FB62}.Release|Any CPU.ActiveCfg = Release|Any CPU
		{AB7282CF-251F-4B16-ADB7-836642D8FB62}.Release|Any CPU.Build.0 = Release|Any CPU
		{3D914F52-6E79-4080-8BE1-3F6FD29D707D}.Debug|Any CPU.ActiveCfg = Debug|Any CPU
		{3D914F52-6E79-4080-8BE1-3F6FD29D707D}.Debug|Any CPU.Build.0 = Debug|Any CPU
		{3D914F52-6E79-4080-8BE1-3F6FD29D707D}.Release|Any CPU.ActiveCfg = Release|Any CPU
		{3D914F52-6E79-4080-8BE1-3F6FD29D707D}.Release|Any CPU.Build.0 = Release|Any CPU
		{5E32BADD-C4D6-4A29-A15A-FA9214FC6375}.Debug|Any CPU.ActiveCfg = Debug|Any CPU
		{5E32BADD-C4D6-4A29-A15A-FA9214FC6375}.Debug|Any CPU.Build.0 = Debug|Any CPU
		{5E32BADD-C4D6-4A29-A15A-FA9214FC6375}.Release|Any CPU.ActiveCfg = Release|Any CPU
		{5E32BADD-C4D6-4A29-A15A-FA9214FC6375}.Release|Any CPU.Build.0 = Release|Any CPU
		{106F5CB8-C3E2-4264-A77F-456F17A06282}.Debug|Any CPU.ActiveCfg = Debug|Any CPU
		{106F5CB8-C3E2-4264-A77F-456F17A06282}.Debug|Any CPU.Build.0 = Debug|Any CPU
		{106F5CB8-C3E2-4264-A77F-456F17A06282}.Release|Any CPU.ActiveCfg = Release|Any CPU
		{106F5CB8-C3E2-4264-A77F-456F17A06282}.Release|Any CPU.Build.0 = Release|Any CPU
	EndGlobalSection
	GlobalSection(SolutionProperties) = preSolution
		HideSolutionNode = FALSE
	EndGlobalSection
	GlobalSection(NestedProjects) = preSolution
		{CC4DB93D-82C9-437F-B68E-4F89779C41E5} = {42EEDED2-1001-4383-B5D3-1B511353E1A7}
		{AEDD3EEE-AF85-4C4F-888F-8AF50931A860} = {42EEDED2-1001-4383-B5D3-1B511353E1A7}
		{AD20A4D1-283F-4C13-8029-1F312096E8B1} = {42EEDED2-1001-4383-B5D3-1B511353E1A7}
		{38185EB6-8F82-4CAF-BE02-50CA4BC69C11} = {AD20A4D1-283F-4C13-8029-1F312096E8B1}
		{BECFE4F5-54CD-4E92-9268-7642E03A3D00} = {38185EB6-8F82-4CAF-BE02-50CA4BC69C11}
		{7B9E235A-C894-4226-ADD6-827AB6302385} = {AEDD3EEE-AF85-4C4F-888F-8AF50931A860}
		{10417571-6B05-46FE-A41C-6712A97A1D71} = {7B9E235A-C894-4226-ADD6-827AB6302385}
		{7F4263CD-417D-4AD1-B556-2313A38A2FF4} = {CC4DB93D-82C9-437F-B68E-4F89779C41E5}
		{B38A96D4-55F0-46ED-83A1-8205ABD08396} = {7F4263CD-417D-4AD1-B556-2313A38A2FF4}
		{926090AF-F91D-4A52-903D-4858867C6951} = {AD20A4D1-283F-4C13-8029-1F312096E8B1}
		{C909E410-4E62-4CF5-BF48-4CEF2371A3BB} = {926090AF-F91D-4A52-903D-4858867C6951}
		{3C0FC988-B879-47A4-A75C-B35622F16175} = {AD20A4D1-283F-4C13-8029-1F312096E8B1}
		{AB7282CF-251F-4B16-ADB7-836642D8FB62} = {3C0FC988-B879-47A4-A75C-B35622F16175}
		{2B3547D8-BB47-4086-810E-8A49D0E4A8FA} = {AD20A4D1-283F-4C13-8029-1F312096E8B1}
		{3D914F52-6E79-4080-8BE1-3F6FD29D707D} = {2B3547D8-BB47-4086-810E-8A49D0E4A8FA}
		{CB4FC4A2-DF37-4214-954D-B7F23BCB6681} = {AD20A4D1-283F-4C13-8029-1F312096E8B1}
		{837D4227-3C67-4A7D-AB3C-3B4398CEF51A} = {AD20A4D1-283F-4C13-8029-1F312096E8B1}
		{5E32BADD-C4D6-4A29-A15A-FA9214FC6375} = {CB4FC4A2-DF37-4214-954D-B7F23BCB6681}
		{106F5CB8-C3E2-4264-A77F-456F17A06282} = {837D4227-3C67-4A7D-AB3C-3B4398CEF51A}
	EndGlobalSection
	GlobalSection(ExtensibilityGlobals) = postSolution
		SolutionGuid = {ECA3BDE4-B50B-45BF-879A-19BF2C83909F}
	EndGlobalSection
EndGlobal
